
Microsoft Visual Studio Solution File, Format Version 12.00
# Visual Studio Version 17
VisualStudioVersion = 17.7.34003.232
MinimumVisualStudioVersion = 10.0.40219.1
Project("{FAE04EC0-301F-11D3-BF4B-00C04F79EFBC}") = "Exercicio008", "Exercicio008\Exercicio008.csproj", "{058DF76D-E4AA-446A-AD92-2BB8EA6ED3C3}"
EndProject
Global
	GlobalSection(SolutionConfigurationPlatforms) = preSolution
		Debug|Any CPU = Debug|Any CPU
		Release|Any CPU = Release|Any CPU
	EndGlobalSection
	GlobalSection(ProjectConfigurationPlatforms) = postSolution
		{058DF76D-E4AA-446A-AD92-2BB8EA6ED3C3}.Debug|Any CPU.ActiveCfg = Debug|Any CPU
		{058DF76D-E4AA-446A-AD92-2BB8EA6ED3C3}.Debug|Any CPU.Build.0 = Debug|Any CPU
		{058DF76D-E4AA-446A-AD92-2BB8EA6ED3C3}.Release|Any CPU.ActiveCfg = Release|Any CPU
		{058DF76D-E4AA-446A-AD92-2BB8EA6ED3C3}.Release|Any CPU.Build.0 = Release|Any CPU
	EndGlobalSection
	GlobalSection(SolutionProperties) = preSolution
		HideSolutionNode = FALSE
	EndGlobalSection
	GlobalSection(ExtensibilityGlobals) = postSolution
		SolutionGuid = {F7766B3D-AE44-4403-9AE0-BA247F3C7F6D}
	EndGlobalSection
EndGlobal
