
Microsoft Visual Studio Solution File, Format Version 12.00
# Visual Studio Version 17
VisualStudioVersion = 17.7.34003.232
MinimumVisualStudioVersion = 10.0.40219.1
Project("{FAE04EC0-301F-11D3-BF4B-00C04F79EFBC}") = "Exercicio005", "Exercicio005\Exercicio005.csproj", "{BCBECB8D-2909-491B-8D00-EA6A93C3A87D}"
EndProject
Global
	GlobalSection(SolutionConfigurationPlatforms) = preSolution
		Debug|Any CPU = Debug|Any CPU
		Release|Any CPU = Release|Any CPU
	EndGlobalSection
	GlobalSection(ProjectConfigurationPlatforms) = postSolution
		{BCBECB8D-2909-491B-8D00-EA6A93C3A87D}.Debug|Any CPU.ActiveCfg = Debug|Any CPU
		{BCBECB8D-2909-491B-8D00-EA6A93C3A87D}.Debug|Any CPU.Build.0 = Debug|Any CPU
		{BCBECB8D-2909-491B-8D00-EA6A93C3A87D}.Release|Any CPU.ActiveCfg = Release|Any CPU
		{BCBECB8D-2909-491B-8D00-EA6A93C3A87D}.Release|Any CPU.Build.0 = Release|Any CPU
	EndGlobalSection
	GlobalSection(SolutionProperties) = preSolution
		HideSolutionNode = FALSE
	EndGlobalSection
	GlobalSection(ExtensibilityGlobals) = postSolution
		SolutionGuid = {39517094-EBD4-4BA5-9D21-6B4894BCE832}
	EndGlobalSection
EndGlobal
