
Microsoft Visual Studio Solution File, Format Version 12.00
# Visual Studio Version 17
VisualStudioVersion = 17.7.34003.232
MinimumVisualStudioVersion = 10.0.40219.1
Project("{FAE04EC0-301F-11D3-BF4B-00C04F79EFBC}") = "Exercicio001", "Exercicio001\Exercicio001.csproj", "{81B3EF1F-B521-475A-B774-16D8B9EFD8C3}"
EndProject
Global
	GlobalSection(SolutionConfigurationPlatforms) = preSolution
		Debug|Any CPU = Debug|Any CPU
		Release|Any CPU = Release|Any CPU
	EndGlobalSection
	GlobalSection(ProjectConfigurationPlatforms) = postSolution
		{81B3EF1F-B521-475A-B774-16D8B9EFD8C3}.Debug|Any CPU.ActiveCfg = Debug|Any CPU
		{81B3EF1F-B521-475A-B774-16D8B9EFD8C3}.Debug|Any CPU.Build.0 = Debug|Any CPU
		{81B3EF1F-B521-475A-B774-16D8B9EFD8C3}.Release|Any CPU.ActiveCfg = Release|Any CPU
		{81B3EF1F-B521-475A-B774-16D8B9EFD8C3}.Release|Any CPU.Build.0 = Release|Any CPU
	EndGlobalSection
	GlobalSection(SolutionProperties) = preSolution
		HideSolutionNode = FALSE
	EndGlobalSection
	GlobalSection(ExtensibilityGlobals) = postSolution
		SolutionGuid = {E61141F7-BF36-4C8D-AAE0-26EE9FEF59D3}
	EndGlobalSection
EndGlobal
