
Microsoft Visual Studio Solution File, Format Version 12.00
# Visual Studio Version 17
VisualStudioVersion = 17.7.34003.232
MinimumVisualStudioVersion = 10.0.40219.1
Project("{FAE04EC0-301F-11D3-BF4B-00C04F79EFBC}") = "Exercicio001", "Exercicio001\Exercicio001.csproj", "{9016B558-CA49-46FB-8750-C0F1ABFB0220}"
EndProject
Global
	GlobalSection(SolutionConfigurationPlatforms) = preSolution
		Debug|Any CPU = Debug|Any CPU
		Release|Any CPU = Release|Any CPU
	EndGlobalSection
	GlobalSection(ProjectConfigurationPlatforms) = postSolution
		{9016B558-CA49-46FB-8750-C0F1ABFB0220}.Debug|Any CPU.ActiveCfg = Debug|Any CPU
		{9016B558-CA49-46FB-8750-C0F1ABFB0220}.Debug|Any CPU.Build.0 = Debug|Any CPU
		{9016B558-CA49-46FB-8750-C0F1ABFB0220}.Release|Any CPU.ActiveCfg = Release|Any CPU
		{9016B558-CA49-46FB-8750-C0F1ABFB0220}.Release|Any CPU.Build.0 = Release|Any CPU
	EndGlobalSection
	GlobalSection(SolutionProperties) = preSolution
		HideSolutionNode = FALSE
	EndGlobalSection
	GlobalSection(ExtensibilityGlobals) = postSolution
		SolutionGuid = {A60A9AAC-2373-43FC-A6B5-A7352DB5F96F}
	EndGlobalSection
EndGlobal
