
Microsoft Visual Studio Solution File, Format Version 12.00
# Visual Studio Version 17
VisualStudioVersion = 17.7.34003.232
MinimumVisualStudioVersion = 10.0.40219.1
Project("{FAE04EC0-301F-11D3-BF4B-00C04F79EFBC}") = "Exercicio005", "Exercicio005\Exercicio005.csproj", "{0527C18D-1E1A-4E29-A395-4B5867DF9CB7}"
EndProject
Global
	GlobalSection(SolutionConfigurationPlatforms) = preSolution
		Debug|Any CPU = Debug|Any CPU
		Release|Any CPU = Release|Any CPU
	EndGlobalSection
	GlobalSection(ProjectConfigurationPlatforms) = postSolution
		{0527C18D-1E1A-4E29-A395-4B5867DF9CB7}.Debug|Any CPU.ActiveCfg = Debug|Any CPU
		{0527C18D-1E1A-4E29-A395-4B5867DF9CB7}.Debug|Any CPU.Build.0 = Debug|Any CPU
		{0527C18D-1E1A-4E29-A395-4B5867DF9CB7}.Release|Any CPU.ActiveCfg = Release|Any CPU
		{0527C18D-1E1A-4E29-A395-4B5867DF9CB7}.Release|Any CPU.Build.0 = Release|Any CPU
	EndGlobalSection
	GlobalSection(SolutionProperties) = preSolution
		HideSolutionNode = FALSE
	EndGlobalSection
	GlobalSection(ExtensibilityGlobals) = postSolution
		SolutionGuid = {FD94E752-DE95-4596-90A6-1CE69E5F2B79}
	EndGlobalSection
EndGlobal
