
Microsoft Visual Studio Solution File, Format Version 12.00
# Visual Studio Version 17
VisualStudioVersion = 17.7.34003.232
MinimumVisualStudioVersion = 10.0.40219.1
Project("{FAE04EC0-301F-11D3-BF4B-00C04F79EFBC}") = "Exercicio007", "Exercicio007\Exercicio007.csproj", "{AE173BF4-BDE9-4D06-8CAA-0EED7B25F270}"
EndProject
Global
	GlobalSection(SolutionConfigurationPlatforms) = preSolution
		Debug|Any CPU = Debug|Any CPU
		Release|Any CPU = Release|Any CPU
	EndGlobalSection
	GlobalSection(ProjectConfigurationPlatforms) = postSolution
		{AE173BF4-BDE9-4D06-8CAA-0EED7B25F270}.Debug|Any CPU.ActiveCfg = Debug|Any CPU
		{AE173BF4-BDE9-4D06-8CAA-0EED7B25F270}.Debug|Any CPU.Build.0 = Debug|Any CPU
		{AE173BF4-BDE9-4D06-8CAA-0EED7B25F270}.Release|Any CPU.ActiveCfg = Release|Any CPU
		{AE173BF4-BDE9-4D06-8CAA-0EED7B25F270}.Release|Any CPU.Build.0 = Release|Any CPU
	EndGlobalSection
	GlobalSection(SolutionProperties) = preSolution
		HideSolutionNode = FALSE
	EndGlobalSection
	GlobalSection(ExtensibilityGlobals) = postSolution
		SolutionGuid = {2BFCFDAE-7EF3-4CAC-8115-7C14EB560D47}
	EndGlobalSection
EndGlobal
