
Microsoft Visual Studio Solution File, Format Version 12.00
# Visual Studio Version 17
VisualStudioVersion = 17.7.34003.232
MinimumVisualStudioVersion = 10.0.40219.1
Project("{FAE04EC0-301F-11D3-BF4B-00C04F79EFBC}") = "Exercicio006", "Exercicio006\Exercicio006.csproj", "{C92D6A8A-933D-4685-B210-BFFAC73FD800}"
EndProject
Global
	GlobalSection(SolutionConfigurationPlatforms) = preSolution
		Debug|Any CPU = Debug|Any CPU
		Release|Any CPU = Release|Any CPU
	EndGlobalSection
	GlobalSection(ProjectConfigurationPlatforms) = postSolution
		{C92D6A8A-933D-4685-B210-BFFAC73FD800}.Debug|Any CPU.ActiveCfg = Debug|Any CPU
		{C92D6A8A-933D-4685-B210-BFFAC73FD800}.Debug|Any CPU.Build.0 = Debug|Any CPU
		{C92D6A8A-933D-4685-B210-BFFAC73FD800}.Release|Any CPU.ActiveCfg = Release|Any CPU
		{C92D6A8A-933D-4685-B210-BFFAC73FD800}.Release|Any CPU.Build.0 = Release|Any CPU
	EndGlobalSection
	GlobalSection(SolutionProperties) = preSolution
		HideSolutionNode = FALSE
	EndGlobalSection
	GlobalSection(ExtensibilityGlobals) = postSolution
		SolutionGuid = {1B0B3DE9-58A3-4396-A4FC-CE0D3C9BFC98}
	EndGlobalSection
EndGlobal
