
Microsoft Visual Studio Solution File, Format Version 12.00
# Visual Studio Version 17
VisualStudioVersion = 17.7.34003.232
MinimumVisualStudioVersion = 10.0.40219.1
Project("{FAE04EC0-301F-11D3-BF4B-00C04F79EFBC}") = "Exercicio005", "Exercicio005\Exercicio005.csproj", "{B9A299E8-71F8-4553-AF1F-D12FE3F086A4}"
EndProject
Global
	GlobalSection(SolutionConfigurationPlatforms) = preSolution
		Debug|Any CPU = Debug|Any CPU
		Release|Any CPU = Release|Any CPU
	EndGlobalSection
	GlobalSection(ProjectConfigurationPlatforms) = postSolution
		{B9A299E8-71F8-4553-AF1F-D12FE3F086A4}.Debug|Any CPU.ActiveCfg = Debug|Any CPU
		{B9A299E8-71F8-4553-AF1F-D12FE3F086A4}.Debug|Any CPU.Build.0 = Debug|Any CPU
		{B9A299E8-71F8-4553-AF1F-D12FE3F086A4}.Release|Any CPU.ActiveCfg = Release|Any CPU
		{B9A299E8-71F8-4553-AF1F-D12FE3F086A4}.Release|Any CPU.Build.0 = Release|Any CPU
	EndGlobalSection
	GlobalSection(SolutionProperties) = preSolution
		HideSolutionNode = FALSE
	EndGlobalSection
	GlobalSection(ExtensibilityGlobals) = postSolution
		SolutionGuid = {F1FEFAF7-5D34-4996-AA88-8097AA35FFB4}
	EndGlobalSection
EndGlobal
