
Microsoft Visual Studio Solution File, Format Version 12.00
# Visual Studio Version 17
VisualStudioVersion = 17.7.34003.232
MinimumVisualStudioVersion = 10.0.40219.1
Project("{FAE04EC0-301F-11D3-BF4B-00C04F79EFBC}") = "Exercicio001", "Exercicio001\Exercicio001.csproj", "{AB5B885C-64D5-4B6F-9A57-CC77FF4BC954}"
EndProject
Global
	GlobalSection(SolutionConfigurationPlatforms) = preSolution
		Debug|Any CPU = Debug|Any CPU
		Release|Any CPU = Release|Any CPU
	EndGlobalSection
	GlobalSection(ProjectConfigurationPlatforms) = postSolution
		{AB5B885C-64D5-4B6F-9A57-CC77FF4BC954}.Debug|Any CPU.ActiveCfg = Debug|Any CPU
		{AB5B885C-64D5-4B6F-9A57-CC77FF4BC954}.Debug|Any CPU.Build.0 = Debug|Any CPU
		{AB5B885C-64D5-4B6F-9A57-CC77FF4BC954}.Release|Any CPU.ActiveCfg = Release|Any CPU
		{AB5B885C-64D5-4B6F-9A57-CC77FF4BC954}.Release|Any CPU.Build.0 = Release|Any CPU
	EndGlobalSection
	GlobalSection(SolutionProperties) = preSolution
		HideSolutionNode = FALSE
	EndGlobalSection
	GlobalSection(ExtensibilityGlobals) = postSolution
		SolutionGuid = {1A259339-CC9A-42B7-B848-F477A1CC13F9}
	EndGlobalSection
EndGlobal
