
Microsoft Visual Studio Solution File, Format Version 12.00
# Visual Studio Version 17
VisualStudioVersion = 17.7.34003.232
MinimumVisualStudioVersion = 10.0.40219.1
Project("{FAE04EC0-301F-11D3-BF4B-00C04F79EFBC}") = "Exercicio003", "Exercicio003\Exercicio003.csproj", "{861C5E16-8105-4AA8-8C57-8D02CB4069B5}"
EndProject
Global
	GlobalSection(SolutionConfigurationPlatforms) = preSolution
		Debug|Any CPU = Debug|Any CPU
		Release|Any CPU = Release|Any CPU
	EndGlobalSection
	GlobalSection(ProjectConfigurationPlatforms) = postSolution
		{861C5E16-8105-4AA8-8C57-8D02CB4069B5}.Debug|Any CPU.ActiveCfg = Debug|Any CPU
		{861C5E16-8105-4AA8-8C57-8D02CB4069B5}.Debug|Any CPU.Build.0 = Debug|Any CPU
		{861C5E16-8105-4AA8-8C57-8D02CB4069B5}.Release|Any CPU.ActiveCfg = Release|Any CPU
		{861C5E16-8105-4AA8-8C57-8D02CB4069B5}.Release|Any CPU.Build.0 = Release|Any CPU
	EndGlobalSection
	GlobalSection(SolutionProperties) = preSolution
		HideSolutionNode = FALSE
	EndGlobalSection
	GlobalSection(ExtensibilityGlobals) = postSolution
		SolutionGuid = {006611F6-4DC2-4AD1-B6A2-C2851A781C8F}
	EndGlobalSection
EndGlobal
