
Microsoft Visual Studio Solution File, Format Version 12.00
# Visual Studio Version 17
VisualStudioVersion = 17.7.34003.232
MinimumVisualStudioVersion = 10.0.40219.1
Project("{FAE04EC0-301F-11D3-BF4B-00C04F79EFBC}") = "Exercicio001", "Exercicio001\Exercicio001.csproj", "{15A3E4E3-EE08-41BF-B3AB-C89FCA107E65}"
EndProject
Global
	GlobalSection(SolutionConfigurationPlatforms) = preSolution
		Debug|Any CPU = Debug|Any CPU
		Release|Any CPU = Release|Any CPU
	EndGlobalSection
	GlobalSection(ProjectConfigurationPlatforms) = postSolution
		{15A3E4E3-EE08-41BF-B3AB-C89FCA107E65}.Debug|Any CPU.ActiveCfg = Debug|Any CPU
		{15A3E4E3-EE08-41BF-B3AB-C89FCA107E65}.Debug|Any CPU.Build.0 = Debug|Any CPU
		{15A3E4E3-EE08-41BF-B3AB-C89FCA107E65}.Release|Any CPU.ActiveCfg = Release|Any CPU
		{15A3E4E3-EE08-41BF-B3AB-C89FCA107E65}.Release|Any CPU.Build.0 = Release|Any CPU
	EndGlobalSection
	GlobalSection(SolutionProperties) = preSolution
		HideSolutionNode = FALSE
	EndGlobalSection
	GlobalSection(ExtensibilityGlobals) = postSolution
		SolutionGuid = {088B5450-085B-4C58-9194-9DE21BB6A79C}
	EndGlobalSection
EndGlobal
