
Microsoft Visual Studio Solution File, Format Version 12.00
# Visual Studio Version 17
VisualStudioVersion = 17.7.34003.232
MinimumVisualStudioVersion = 10.0.40219.1
Project("{FAE04EC0-301F-11D3-BF4B-00C04F79EFBC}") = "Exercicio003", "Exercicio003\Exercicio003.csproj", "{9AB5C7A2-F739-47D4-B803-028C1A4DF073}"
EndProject
Global
	GlobalSection(SolutionConfigurationPlatforms) = preSolution
		Debug|Any CPU = Debug|Any CPU
		Release|Any CPU = Release|Any CPU
	EndGlobalSection
	GlobalSection(ProjectConfigurationPlatforms) = postSolution
		{9AB5C7A2-F739-47D4-B803-028C1A4DF073}.Debug|Any CPU.ActiveCfg = Debug|Any CPU
		{9AB5C7A2-F739-47D4-B803-028C1A4DF073}.Debug|Any CPU.Build.0 = Debug|Any CPU
		{9AB5C7A2-F739-47D4-B803-028C1A4DF073}.Release|Any CPU.ActiveCfg = Release|Any CPU
		{9AB5C7A2-F739-47D4-B803-028C1A4DF073}.Release|Any CPU.Build.0 = Release|Any CPU
	EndGlobalSection
	GlobalSection(SolutionProperties) = preSolution
		HideSolutionNode = FALSE
	EndGlobalSection
	GlobalSection(ExtensibilityGlobals) = postSolution
		SolutionGuid = {8AC6ABB6-F617-4551-86A3-5A4615D2452B}
	EndGlobalSection
EndGlobal
