
Microsoft Visual Studio Solution File, Format Version 12.00
# Visual Studio Version 17
VisualStudioVersion = 17.7.34003.232
MinimumVisualStudioVersion = 10.0.40219.1
Project("{FAE04EC0-301F-11D3-BF4B-00C04F79EFBC}") = "Exercicio004", "Exercicio004\Exercicio004.csproj", "{31413185-3552-4203-8DF2-A0D3A40BBECA}"
EndProject
Global
	GlobalSection(SolutionConfigurationPlatforms) = preSolution
		Debug|Any CPU = Debug|Any CPU
		Release|Any CPU = Release|Any CPU
	EndGlobalSection
	GlobalSection(ProjectConfigurationPlatforms) = postSolution
		{31413185-3552-4203-8DF2-A0D3A40BBECA}.Debug|Any CPU.ActiveCfg = Debug|Any CPU
		{31413185-3552-4203-8DF2-A0D3A40BBECA}.Debug|Any CPU.Build.0 = Debug|Any CPU
		{31413185-3552-4203-8DF2-A0D3A40BBECA}.Release|Any CPU.ActiveCfg = Release|Any CPU
		{31413185-3552-4203-8DF2-A0D3A40BBECA}.Release|Any CPU.Build.0 = Release|Any CPU
	EndGlobalSection
	GlobalSection(SolutionProperties) = preSolution
		HideSolutionNode = FALSE
	EndGlobalSection
	GlobalSection(ExtensibilityGlobals) = postSolution
		SolutionGuid = {4DB4677D-2419-4D91-9B7E-0CEFE8D266DC}
	EndGlobalSection
EndGlobal
