
Microsoft Visual Studio Solution File, Format Version 12.00
# Visual Studio Version 17
VisualStudioVersion = 17.8.34309.116
MinimumVisualStudioVersion = 10.0.40219.1
Project("{FAE04EC0-301F-11D3-BF4B-00C04F79EFBC}") = "Projeto002", "Projeto002\Projeto002.csproj", "{06688FAA-7856-4F65-A8A8-31ACE5ECAE0A}"
EndProject
Global
	GlobalSection(SolutionConfigurationPlatforms) = preSolution
		Debug|Any CPU = Debug|Any CPU
		Release|Any CPU = Release|Any CPU
	EndGlobalSection
	GlobalSection(ProjectConfigurationPlatforms) = postSolution
		{06688FAA-7856-4F65-A8A8-31ACE5ECAE0A}.Debug|Any CPU.ActiveCfg = Debug|Any CPU
		{06688FAA-7856-4F65-A8A8-31ACE5ECAE0A}.Debug|Any CPU.Build.0 = Debug|Any CPU
		{06688FAA-7856-4F65-A8A8-31ACE5ECAE0A}.Release|Any CPU.ActiveCfg = Release|Any CPU
		{06688FAA-7856-4F65-A8A8-31ACE5ECAE0A}.Release|Any CPU.Build.0 = Release|Any CPU
	EndGlobalSection
	GlobalSection(SolutionProperties) = preSolution
		HideSolutionNode = FALSE
	EndGlobalSection
	GlobalSection(ExtensibilityGlobals) = postSolution
		SolutionGuid = {300FD413-214F-474A-AAAB-2CA7F6F35C3E}
	EndGlobalSection
EndGlobal
